
Microsoft Visual Studio Solution File, Format Version 12.00
# Visual Studio Version 17
VisualStudioVersion = 17.4.33213.308
MinimumVisualStudioVersion = 10.0.40219.1
Project("{FAE04EC0-301F-11D3-BF4B-00C04F79EFBC}") = "EaAppFrameWork", "EaAppFrameWork\EaAppFrameWork.csproj", "{B1F9D997-C5A0-45A8-AB6A-039FDB500FA1}"
EndProject
Project("{FAE04EC0-301F-11D3-BF4B-00C04F79EFBC}") = "EaAppTest", "EaAppTest\EaAppTest.csproj", "{B9524231-7C21-46B8-BE8F-C77BCA028CD0}"
EndProject
Global
	GlobalSection(SolutionConfigurationPlatforms) = preSolution
		Debug|Any CPU = Debug|Any CPU
		Release|Any CPU = Release|Any CPU
	EndGlobalSection
	GlobalSection(ProjectConfigurationPlatforms) = postSolution
		{B1F9D997-C5A0-45A8-AB6A-039FDB500FA1}.Debug|Any CPU.ActiveCfg = Debug|Any CPU
		{B1F9D997-C5A0-45A8-AB6A-039FDB500FA1}.Debug|Any CPU.Build.0 = Debug|Any CPU
		{B1F9D997-C5A0-45A8-AB6A-039FDB500FA1}.Release|Any CPU.ActiveCfg = Release|Any CPU
		{B1F9D997-C5A0-45A8-AB6A-039FDB500FA1}.Release|Any CPU.Build.0 = Release|Any CPU
		{B9524231-7C21-46B8-BE8F-C77BCA028CD0}.Debug|Any CPU.ActiveCfg = Debug|Any CPU
		{B9524231-7C21-46B8-BE8F-C77BCA028CD0}.Debug|Any CPU.Build.0 = Debug|Any CPU
		{B9524231-7C21-46B8-BE8F-C77BCA028CD0}.Release|Any CPU.ActiveCfg = Release|Any CPU
		{B9524231-7C21-46B8-BE8F-C77BCA028CD0}.Release|Any CPU.Build.0 = Release|Any CPU
	EndGlobalSection
	GlobalSection(SolutionProperties) = preSolution
		HideSolutionNode = FALSE
	EndGlobalSection
	GlobalSection(ExtensibilityGlobals) = postSolution
		SolutionGuid = {5AD30ABB-AB92-4C9B-AF40-D807CA5CF549}
	EndGlobalSection
EndGlobal
